
Microsoft Visual Studio Solution File, Format Version 12.00
# Visual Studio Version 17
VisualStudioVersion = 17.14.36212.18 d17.14
MinimumVisualStudioVersion = 10.0.40219.1
Project("{FAE04EC0-301F-11D3-BF4B-00C04F79EFBC}") = "ChatAppApi", "ChatAppApi.csproj", "{A8B7E4CD-4029-49FD-9B6E-1E3A60C5DB91}"
EndProject
Global
	GlobalSection(SolutionConfigurationPlatforms) = preSolution
		Debug|Any CPU = Debug|Any CPU
		Release|Any CPU = Release|Any CPU
	EndGlobalSection
	GlobalSection(ProjectConfigurationPlatforms) = postSolution
		{A8B7E4CD-4029-49FD-9B6E-1E3A60C5DB91}.Debug|Any CPU.ActiveCfg = Debug|Any CPU
		{A8B7E4CD-4029-49FD-9B6E-1E3A60C5DB91}.Debug|Any CPU.Build.0 = Debug|Any CPU
		{A8B7E4CD-4029-49FD-9B6E-1E3A60C5DB91}.Release|Any CPU.ActiveCfg = Release|Any CPU
		{A8B7E4CD-4029-49FD-9B6E-1E3A60C5DB91}.Release|Any CPU.Build.0 = Release|Any CPU
	EndGlobalSection
	GlobalSection(SolutionProperties) = preSolution
		HideSolutionNode = FALSE
	EndGlobalSection
	GlobalSection(ExtensibilityGlobals) = postSolution
		SolutionGuid = {0FDB874B-4BD2-459A-B16D-8656D9146F14}
	EndGlobalSection
EndGlobal
